
Microsoft Visual Studio Solution File, Format Version 12.00
# Visual Studio Version 17
VisualStudioVersion = 17.5.001.0
MinimumVisualStudioVersion = 10.0.40219.1
Project("{9A19103F-16F7-4668-BE54-9A1E7A4F7556}") = "Hulk", "Hulk.csproj", "{A8ED0A4C-35A8-4BA7-89A1-3AFA0AEE1A2D}"
EndProject
Global
	GlobalSection(SolutionConfigurationPlatforms) = preSolution
		Debug|Any CPU = Debug|Any CPU
		Release|Any CPU = Release|Any CPU
	EndGlobalSection
	GlobalSection(ProjectConfigurationPlatforms) = postSolution
		{A8ED0A4C-35A8-4BA7-89A1-3AFA0AEE1A2D}.Debug|Any CPU.ActiveCfg = Debug|Any CPU
		{A8ED0A4C-35A8-4BA7-89A1-3AFA0AEE1A2D}.Debug|Any CPU.Build.0 = Debug|Any CPU
		{A8ED0A4C-35A8-4BA7-89A1-3AFA0AEE1A2D}.Release|Any CPU.ActiveCfg = Release|Any CPU
		{A8ED0A4C-35A8-4BA7-89A1-3AFA0AEE1A2D}.Release|Any CPU.Build.0 = Release|Any CPU
	EndGlobalSection
	GlobalSection(SolutionProperties) = preSolution
		HideSolutionNode = FALSE
	EndGlobalSection
	GlobalSection(ExtensibilityGlobals) = postSolution
		SolutionGuid = {7A2359EC-AC27-4D68-87C5-5C4639B8A0DC}
	EndGlobalSection
EndGlobal
